
Microsoft Visual Studio Solution File, Format Version 12.00
# Visual Studio Version 16
VisualStudioVersion = 16.0.29905.134
MinimumVisualStudioVersion = 10.0.40219.1
Project("{FAE04EC0-301F-11D3-BF4B-00C04F79EFBC}") = "PaaskeHotellet", "PaaskeHotellet\PaaskeHotellet.csproj", "{CF9FA47A-D982-4A3A-97D3-7612470A7E9B}"
EndProject
Project("{FAE04EC0-301F-11D3-BF4B-00C04F79EFBC}") = "MVVM", "MVVM\MVVM.csproj", "{1FF44672-8642-4B59-A9F1-3156F8F9531E}"
EndProject
Global
	GlobalSection(SolutionConfigurationPlatforms) = preSolution
		Debug|Any CPU = Debug|Any CPU
		Debug|ARM = Debug|ARM
		Debug|ARM64 = Debug|ARM64
		Debug|x64 = Debug|x64
		Debug|x86 = Debug|x86
		Release|Any CPU = Release|Any CPU
		Release|ARM = Release|ARM
		Release|ARM64 = Release|ARM64
		Release|x64 = Release|x64
		Release|x86 = Release|x86
	EndGlobalSection
	GlobalSection(ProjectConfigurationPlatforms) = postSolution
		{CF9FA47A-D982-4A3A-97D3-7612470A7E9B}.Debug|Any CPU.ActiveCfg = Debug|Any CPU
		{CF9FA47A-D982-4A3A-97D3-7612470A7E9B}.Debug|Any CPU.Build.0 = Debug|Any CPU
		{CF9FA47A-D982-4A3A-97D3-7612470A7E9B}.Debug|ARM.ActiveCfg = Debug|Any CPU
		{CF9FA47A-D982-4A3A-97D3-7612470A7E9B}.Debug|ARM.Build.0 = Debug|Any CPU
		{CF9FA47A-D982-4A3A-97D3-7612470A7E9B}.Debug|ARM64.ActiveCfg = Debug|Any CPU
		{CF9FA47A-D982-4A3A-97D3-7612470A7E9B}.Debug|ARM64.Build.0 = Debug|Any CPU
		{CF9FA47A-D982-4A3A-97D3-7612470A7E9B}.Debug|x64.ActiveCfg = Debug|Any CPU
		{CF9FA47A-D982-4A3A-97D3-7612470A7E9B}.Debug|x64.Build.0 = Debug|Any CPU
		{CF9FA47A-D982-4A3A-97D3-7612470A7E9B}.Debug|x86.ActiveCfg = Debug|Any CPU
		{CF9FA47A-D982-4A3A-97D3-7612470A7E9B}.Debug|x86.Build.0 = Debug|Any CPU
		{CF9FA47A-D982-4A3A-97D3-7612470A7E9B}.Release|Any CPU.ActiveCfg = Release|Any CPU
		{CF9FA47A-D982-4A3A-97D3-7612470A7E9B}.Release|Any CPU.Build.0 = Release|Any CPU
		{CF9FA47A-D982-4A3A-97D3-7612470A7E9B}.Release|ARM.ActiveCfg = Release|Any CPU
		{CF9FA47A-D982-4A3A-97D3-7612470A7E9B}.Release|ARM.Build.0 = Release|Any CPU
		{CF9FA47A-D982-4A3A-97D3-7612470A7E9B}.Release|ARM64.ActiveCfg = Release|Any CPU
		{CF9FA47A-D982-4A3A-97D3-7612470A7E9B}.Release|ARM64.Build.0 = Release|Any CPU
		{CF9FA47A-D982-4A3A-97D3-7612470A7E9B}.Release|x64.ActiveCfg = Release|Any CPU
		{CF9FA47A-D982-4A3A-97D3-7612470A7E9B}.Release|x64.Build.0 = Release|Any CPU
		{CF9FA47A-D982-4A3A-97D3-7612470A7E9B}.Release|x86.ActiveCfg = Release|Any CPU
		{CF9FA47A-D982-4A3A-97D3-7612470A7E9B}.Release|x86.Build.0 = Release|Any CPU
		{1FF44672-8642-4B59-A9F1-3156F8F9531E}.Debug|Any CPU.ActiveCfg = Debug|x86
		{1FF44672-8642-4B59-A9F1-3156F8F9531E}.Debug|ARM.ActiveCfg = Debug|ARM
		{1FF44672-8642-4B59-A9F1-3156F8F9531E}.Debug|ARM.Build.0 = Debug|ARM
		{1FF44672-8642-4B59-A9F1-3156F8F9531E}.Debug|ARM.Deploy.0 = Debug|ARM
		{1FF44672-8642-4B59-A9F1-3156F8F9531E}.Debug|ARM64.ActiveCfg = Debug|ARM64
		{1FF44672-8642-4B59-A9F1-3156F8F9531E}.Debug|ARM64.Build.0 = Debug|ARM64
		{1FF44672-8642-4B59-A9F1-3156F8F9531E}.Debug|ARM64.Deploy.0 = Debug|ARM64
		{1FF44672-8642-4B59-A9F1-3156F8F9531E}.Debug|x64.ActiveCfg = Debug|x64
		{1FF44672-8642-4B59-A9F1-3156F8F9531E}.Debug|x64.Build.0 = Debug|x64
		{1FF44672-8642-4B59-A9F1-3156F8F9531E}.Debug|x64.Deploy.0 = Debug|x64
		{1FF44672-8642-4B59-A9F1-3156F8F9531E}.Debug|x86.ActiveCfg = Debug|x86
		{1FF44672-8642-4B59-A9F1-3156F8F9531E}.Debug|x86.Build.0 = Debug|x86
		{1FF44672-8642-4B59-A9F1-3156F8F9531E}.Debug|x86.Deploy.0 = Debug|x86
		{1FF44672-8642-4B59-A9F1-3156F8F9531E}.Release|Any CPU.ActiveCfg = Release|x86
		{1FF44672-8642-4B59-A9F1-3156F8F9531E}.Release|ARM.ActiveCfg = Release|ARM
		{1FF44672-8642-4B59-A9F1-3156F8F9531E}.Release|ARM.Build.0 = Release|ARM
		{1FF44672-8642-4B59-A9F1-3156F8F9531E}.Release|ARM.Deploy.0 = Release|ARM
		{1FF44672-8642-4B59-A9F1-3156F8F9531E}.Release|ARM64.ActiveCfg = Release|ARM64
		{1FF44672-8642-4B59-A9F1-3156F8F9531E}.Release|ARM64.Build.0 = Release|ARM64
		{1FF44672-8642-4B59-A9F1-3156F8F9531E}.Release|ARM64.Deploy.0 = Release|ARM64
		{1FF44672-8642-4B59-A9F1-3156F8F9531E}.Release|x64.ActiveCfg = Release|x64
		{1FF44672-8642-4B59-A9F1-3156F8F9531E}.Release|x64.Build.0 = Release|x64
		{1FF44672-8642-4B59-A9F1-3156F8F9531E}.Release|x64.Deploy.0 = Release|x64
		{1FF44672-8642-4B59-A9F1-3156F8F9531E}.Release|x86.ActiveCfg = Release|x86
		{1FF44672-8642-4B59-A9F1-3156F8F9531E}.Release|x86.Build.0 = Release|x86
		{1FF44672-8642-4B59-A9F1-3156F8F9531E}.Release|x86.Deploy.0 = Release|x86
	EndGlobalSection
	GlobalSection(SolutionProperties) = preSolution
		HideSolutionNode = FALSE
	EndGlobalSection
	GlobalSection(ExtensibilityGlobals) = postSolution
		SolutionGuid = {2BFB9EA2-954B-4171-B1AA-7B054F52A4F7}
	EndGlobalSection
EndGlobal
